// !$*UTF8*$!
{
	archiveVersion = 1;
	classes = {
	};
	objectVersion = 56;
	objects = {

/* Begin PBXBuildFile section */
		1344D7E32B02F5AC002D2924 /* HomeViewUI.swift in Sources */ = {isa = PBXBuildFile; fileRef = 1344D7DB2B02F5AC002D2924 /* HomeViewUI.swift */; };
		1344D7E42B02F5AC002D2924 /* HomePresenter.swift in Sources */ = {isa = PBXBuildFile; fileRef = 1344D7DC2B02F5AC002D2924 /* HomePresenter.swift */; };
		1344D7E52B02F5AC002D2924 /* HomeRouter.swift in Sources */ = {isa = PBXBuildFile; fileRef = 1344D7DD2B02F5AC002D2924 /* HomeRouter.swift */; };
		1344D7E62B02F5AC002D2924 /* HomeProtocols.swift in Sources */ = {isa = PBXBuildFile; fileRef = 1344D7DE2B02F5AC002D2924 /* HomeProtocols.swift */; };
		1344D7E72B02F5AC002D2924 /* HomeMain.swift in Sources */ = {isa = PBXBuildFile; fileRef = 1344D7DF2B02F5AC002D2924 /* HomeMain.swift */; };
		1344D7E82B02F5AC002D2924 /* HomeInteractor.swift in Sources */ = {isa = PBXBuildFile; fileRef = 1344D7E02B02F5AC002D2924 /* HomeInteractor.swift */; };
		1344D7E92B02F5AC002D2924 /* HomeView.swift in Sources */ = {isa = PBXBuildFile; fileRef = 1344D7E12B02F5AC002D2924 /* HomeView.swift */; };
		1344D7EA2B02F5AC002D2924 /* HomeEntity.swift in Sources */ = {isa = PBXBuildFile; fileRef = 1344D7E22B02F5AC002D2924 /* HomeEntity.swift */; };
		13AD38CB2B0EC9BF00A66C8F /* MovieViewUI.swift in Sources */ = {isa = PBXBuildFile; fileRef = 13AD38C32B0EC9BF00A66C8F /* MovieViewUI.swift */; };
		13AD38CC2B0EC9BF00A66C8F /* MoviePresenter.swift in Sources */ = {isa = PBXBuildFile; fileRef = 13AD38C42B0EC9BF00A66C8F /* MoviePresenter.swift */; };
		13AD38CD2B0EC9BF00A66C8F /* MovieRouter.swift in Sources */ = {isa = PBXBuildFile; fileRef = 13AD38C52B0EC9BF00A66C8F /* MovieRouter.swift */; };
		13AD38CE2B0EC9BF00A66C8F /* MovieProtocols.swift in Sources */ = {isa = PBXBuildFile; fileRef = 13AD38C62B0EC9BF00A66C8F /* MovieProtocols.swift */; };
		13AD38CF2B0EC9BF00A66C8F /* MovieMain.swift in Sources */ = {isa = PBXBuildFile; fileRef = 13AD38C72B0EC9BF00A66C8F /* MovieMain.swift */; };
		13AD38D02B0EC9BF00A66C8F /* MovieInteractor.swift in Sources */ = {isa = PBXBuildFile; fileRef = 13AD38C82B0EC9BF00A66C8F /* MovieInteractor.swift */; };
		13AD38D12B0EC9BF00A66C8F /* MovieView.swift in Sources */ = {isa = PBXBuildFile; fileRef = 13AD38C92B0EC9BF00A66C8F /* MovieView.swift */; };
		13AD38D22B0EC9BF00A66C8F /* MovieEntity.swift in Sources */ = {isa = PBXBuildFile; fileRef = 13AD38CA2B0EC9BF00A66C8F /* MovieEntity.swift */; };
		13AD38DC2B0F069400A66C8F /* CharacterViewUI.swift in Sources */ = {isa = PBXBuildFile; fileRef = 13AD38D42B0F069400A66C8F /* CharacterViewUI.swift */; };
		13AD38DD2B0F069400A66C8F /* CharacterPresenter.swift in Sources */ = {isa = PBXBuildFile; fileRef = 13AD38D52B0F069400A66C8F /* CharacterPresenter.swift */; };
		13AD38DE2B0F069400A66C8F /* CharacterRouter.swift in Sources */ = {isa = PBXBuildFile; fileRef = 13AD38D62B0F069400A66C8F /* CharacterRouter.swift */; };
		13AD38DF2B0F069400A66C8F /* CharacterProtocols.swift in Sources */ = {isa = PBXBuildFile; fileRef = 13AD38D72B0F069400A66C8F /* CharacterProtocols.swift */; };
		13AD38E02B0F069400A66C8F /* CharacterMain.swift in Sources */ = {isa = PBXBuildFile; fileRef = 13AD38D82B0F069400A66C8F /* CharacterMain.swift */; };
		13AD38E12B0F069400A66C8F /* CharacterInteractor.swift in Sources */ = {isa = PBXBuildFile; fileRef = 13AD38D92B0F069400A66C8F /* CharacterInteractor.swift */; };
		13AD38E22B0F069400A66C8F /* CharacterView.swift in Sources */ = {isa = PBXBuildFile; fileRef = 13AD38DA2B0F069400A66C8F /* CharacterView.swift */; };
		13AD38E32B0F069400A66C8F /* CharacterEntity.swift in Sources */ = {isa = PBXBuildFile; fileRef = 13AD38DB2B0F069400A66C8F /* CharacterEntity.swift */; };
		13AD38ED2B102D0500A66C8F /* SeriesViewUI.swift in Sources */ = {isa = PBXBuildFile; fileRef = 13AD38E52B102D0500A66C8F /* SeriesViewUI.swift */; };
		13AD38EE2B102D0500A66C8F /* SeriesPresenter.swift in Sources */ = {isa = PBXBuildFile; fileRef = 13AD38E62B102D0500A66C8F /* SeriesPresenter.swift */; };
		13AD38EF2B102D0500A66C8F /* SeriesRouter.swift in Sources */ = {isa = PBXBuildFile; fileRef = 13AD38E72B102D0500A66C8F /* SeriesRouter.swift */; };
		13AD38F02B102D0500A66C8F /* SeriesProtocols.swift in Sources */ = {isa = PBXBuildFile; fileRef = 13AD38E82B102D0500A66C8F /* SeriesProtocols.swift */; };
		13AD38F12B102D0500A66C8F /* SeriesMain.swift in Sources */ = {isa = PBXBuildFile; fileRef = 13AD38E92B102D0500A66C8F /* SeriesMain.swift */; };
		13AD38F22B102D0500A66C8F /* SeriesInteractor.swift in Sources */ = {isa = PBXBuildFile; fileRef = 13AD38EA2B102D0500A66C8F /* SeriesInteractor.swift */; };
		13AD38F32B102D0500A66C8F /* SeriesView.swift in Sources */ = {isa = PBXBuildFile; fileRef = 13AD38EB2B102D0500A66C8F /* SeriesView.swift */; };
		13AD38F42B102D0500A66C8F /* SeriesEntity.swift in Sources */ = {isa = PBXBuildFile; fileRef = 13AD38EC2B102D0500A66C8F /* SeriesEntity.swift */; };
		13C8FBF42B02F43800A6028F /* AppDelegate.swift in Sources */ = {isa = PBXBuildFile; fileRef = 13C8FBF32B02F43800A6028F /* AppDelegate.swift */; };
		13C8FBF62B02F43800A6028F /* SceneDelegate.swift in Sources */ = {isa = PBXBuildFile; fileRef = 13C8FBF52B02F43800A6028F /* SceneDelegate.swift */; };
		13C8FBFD2B02F43A00A6028F /* Assets.xcassets in Resources */ = {isa = PBXBuildFile; fileRef = 13C8FBFC2B02F43A00A6028F /* Assets.xcassets */; };
		13C8FC002B02F43A00A6028F /* LaunchScreen.storyboard in Resources */ = {isa = PBXBuildFile; fileRef = 13C8FBFE2B02F43A00A6028F /* LaunchScreen.storyboard */; };
/* End PBXBuildFile section */

/* Begin PBXFileReference section */
		1344D7DB2B02F5AC002D2924 /* HomeViewUI.swift */ = {isa = PBXFileReference; lastKnownFileType = sourcecode.swift; path = HomeViewUI.swift; sourceTree = "<group>"; };
		1344D7DC2B02F5AC002D2924 /* HomePresenter.swift */ = {isa = PBXFileReference; lastKnownFileType = sourcecode.swift; path = HomePresenter.swift; sourceTree = "<group>"; };
		1344D7DD2B02F5AC002D2924 /* HomeRouter.swift */ = {isa = PBXFileReference; lastKnownFileType = sourcecode.swift; path = HomeRouter.swift; sourceTree = "<group>"; };
		1344D7DE2B02F5AC002D2924 /* HomeProtocols.swift */ = {isa = PBXFileReference; lastKnownFileType = sourcecode.swift; path = HomeProtocols.swift; sourceTree = "<group>"; };
		1344D7DF2B02F5AC002D2924 /* HomeMain.swift */ = {isa = PBXFileReference; lastKnownFileType = sourcecode.swift; path = HomeMain.swift; sourceTree = "<group>"; };
		1344D7E02B02F5AC002D2924 /* HomeInteractor.swift */ = {isa = PBXFileReference; lastKnownFileType = sourcecode.swift; path = HomeInteractor.swift; sourceTree = "<group>"; };
		1344D7E12B02F5AC002D2924 /* HomeView.swift */ = {isa = PBXFileReference; lastKnownFileType = sourcecode.swift; path = HomeView.swift; sourceTree = "<group>"; };
		1344D7E22B02F5AC002D2924 /* HomeEntity.swift */ = {isa = PBXFileReference; lastKnownFileType = sourcecode.swift; path = HomeEntity.swift; sourceTree = "<group>"; };
		13AD38C32B0EC9BF00A66C8F /* MovieViewUI.swift */ = {isa = PBXFileReference; lastKnownFileType = sourcecode.swift; path = MovieViewUI.swift; sourceTree = "<group>"; };
		13AD38C42B0EC9BF00A66C8F /* MoviePresenter.swift */ = {isa = PBXFileReference; lastKnownFileType = sourcecode.swift; path = MoviePresenter.swift; sourceTree = "<group>"; };
		13AD38C52B0EC9BF00A66C8F /* MovieRouter.swift */ = {isa = PBXFileReference; lastKnownFileType = sourcecode.swift; path = MovieRouter.swift; sourceTree = "<group>"; };
		13AD38C62B0EC9BF00A66C8F /* MovieProtocols.swift */ = {isa = PBXFileReference; lastKnownFileType = sourcecode.swift; path = MovieProtocols.swift; sourceTree = "<group>"; };
		13AD38C72B0EC9BF00A66C8F /* MovieMain.swift */ = {isa = PBXFileReference; lastKnownFileType = sourcecode.swift; path = MovieMain.swift; sourceTree = "<group>"; };
		13AD38C82B0EC9BF00A66C8F /* MovieInteractor.swift */ = {isa = PBXFileReference; lastKnownFileType = sourcecode.swift; path = MovieInteractor.swift; sourceTree = "<group>"; };
		13AD38C92B0EC9BF00A66C8F /* MovieView.swift */ = {isa = PBXFileReference; lastKnownFileType = sourcecode.swift; path = MovieView.swift; sourceTree = "<group>"; };
		13AD38CA2B0EC9BF00A66C8F /* MovieEntity.swift */ = {isa = PBXFileReference; lastKnownFileType = sourcecode.swift; path = MovieEntity.swift; sourceTree = "<group>"; };
		13AD38D42B0F069400A66C8F /* CharacterViewUI.swift */ = {isa = PBXFileReference; lastKnownFileType = sourcecode.swift; path = CharacterViewUI.swift; sourceTree = "<group>"; };
		13AD38D52B0F069400A66C8F /* CharacterPresenter.swift */ = {isa = PBXFileReference; lastKnownFileType = sourcecode.swift; path = CharacterPresenter.swift; sourceTree = "<group>"; };
		13AD38D62B0F069400A66C8F /* CharacterRouter.swift */ = {isa = PBXFileReference; lastKnownFileType = sourcecode.swift; path = CharacterRouter.swift; sourceTree = "<group>"; };
		13AD38D72B0F069400A66C8F /* CharacterProtocols.swift */ = {isa = PBXFileReference; lastKnownFileType = sourcecode.swift; path = CharacterProtocols.swift; sourceTree = "<group>"; };
		13AD38D82B0F069400A66C8F /* CharacterMain.swift */ = {isa = PBXFileReference; lastKnownFileType = sourcecode.swift; path = CharacterMain.swift; sourceTree = "<group>"; };
		13AD38D92B0F069400A66C8F /* CharacterInteractor.swift */ = {isa = PBXFileReference; lastKnownFileType = sourcecode.swift; path = CharacterInteractor.swift; sourceTree = "<group>"; };
		13AD38DA2B0F069400A66C8F /* CharacterView.swift */ = {isa = PBXFileReference; lastKnownFileType = sourcecode.swift; path = CharacterView.swift; sourceTree = "<group>"; };
		13AD38DB2B0F069400A66C8F /* CharacterEntity.swift */ = {isa = PBXFileReference; lastKnownFileType = sourcecode.swift; path = CharacterEntity.swift; sourceTree = "<group>"; };
		13AD38E52B102D0500A66C8F /* SeriesViewUI.swift */ = {isa = PBXFileReference; lastKnownFileType = sourcecode.swift; path = SeriesViewUI.swift; sourceTree = "<group>"; };
		13AD38E62B102D0500A66C8F /* SeriesPresenter.swift */ = {isa = PBXFileReference; lastKnownFileType = sourcecode.swift; path = SeriesPresenter.swift; sourceTree = "<group>"; };
		13AD38E72B102D0500A66C8F /* SeriesRouter.swift */ = {isa = PBXFileReference; lastKnownFileType = sourcecode.swift; path = SeriesRouter.swift; sourceTree = "<group>"; };
		13AD38E82B102D0500A66C8F /* SeriesProtocols.swift */ = {isa = PBXFileReference; lastKnownFileType = sourcecode.swift; path = SeriesProtocols.swift; sourceTree = "<group>"; };
		13AD38E92B102D0500A66C8F /* SeriesMain.swift */ = {isa = PBXFileReference; lastKnownFileType = sourcecode.swift; path = SeriesMain.swift; sourceTree = "<group>"; };
		13AD38EA2B102D0500A66C8F /* SeriesInteractor.swift */ = {isa = PBXFileReference; lastKnownFileType = sourcecode.swift; path = SeriesInteractor.swift; sourceTree = "<group>"; };
		13AD38EB2B102D0500A66C8F /* SeriesView.swift */ = {isa = PBXFileReference; lastKnownFileType = sourcecode.swift; path = SeriesView.swift; sourceTree = "<group>"; };
		13AD38EC2B102D0500A66C8F /* SeriesEntity.swift */ = {isa = PBXFileReference; lastKnownFileType = sourcecode.swift; path = SeriesEntity.swift; sourceTree = "<group>"; };
		13C8FBF02B02F43800A6028F /* Curso iOS.app */ = {isa = PBXFileReference; explicitFileType = wrapper.application; includeInIndex = 0; path = "Curso iOS.app"; sourceTree = BUILT_PRODUCTS_DIR; };
		13C8FBF32B02F43800A6028F /* AppDelegate.swift */ = {isa = PBXFileReference; lastKnownFileType = sourcecode.swift; path = AppDelegate.swift; sourceTree = "<group>"; };
		13C8FBF52B02F43800A6028F /* SceneDelegate.swift */ = {isa = PBXFileReference; lastKnownFileType = sourcecode.swift; path = SceneDelegate.swift; sourceTree = "<group>"; };
		13C8FBFC2B02F43A00A6028F /* Assets.xcassets */ = {isa = PBXFileReference; lastKnownFileType = folder.assetcatalog; path = Assets.xcassets; sourceTree = "<group>"; };
		13C8FBFF2B02F43A00A6028F /* Base */ = {isa = PBXFileReference; lastKnownFileType = file.storyboard; name = Base; path = Base.lproj/LaunchScreen.storyboard; sourceTree = "<group>"; };
		13C8FC012B02F43A00A6028F /* Info.plist */ = {isa = PBXFileReference; lastKnownFileType = text.plist.xml; path = Info.plist; sourceTree = "<group>"; };
/* End PBXFileReference section */

/* Begin PBXFrameworksBuildPhase section */
		13C8FBED2B02F43800A6028F /* Frameworks */ = {
			isa = PBXFrameworksBuildPhase;
			buildActionMask = 2147483647;
			files = (
			);
			runOnlyForDeploymentPostprocessing = 0;
		};
/* End PBXFrameworksBuildPhase section */

/* Begin PBXGroup section */
		1344D7D92B02F537002D2924 /* Modulos */ = {
			isa = PBXGroup;
			children = (
				1344D7DA2B02F546002D2924 /* Home */,
				13AD38C22B0EC9A800A66C8F /* Movie */,
				13AD38E42B102CF200A66C8F /* Series */,
				13AD38D32B0F05D600A66C8F /* Character */,
			);
			path = Modulos;
			sourceTree = "<group>";
		};
		1344D7DA2B02F546002D2924 /* Home */ = {
			isa = PBXGroup;
			children = (
				1344D7DB2B02F5AC002D2924 /* HomeViewUI.swift */,
				1344D7DC2B02F5AC002D2924 /* HomePresenter.swift */,
				1344D7DD2B02F5AC002D2924 /* HomeRouter.swift */,
				1344D7DE2B02F5AC002D2924 /* HomeProtocols.swift */,
				1344D7DF2B02F5AC002D2924 /* HomeMain.swift */,
				1344D7E02B02F5AC002D2924 /* HomeInteractor.swift */,
				1344D7E12B02F5AC002D2924 /* HomeView.swift */,
				1344D7E22B02F5AC002D2924 /* HomeEntity.swift */,
			);
			path = Home;
			sourceTree = "<group>";
		};
		13AD38C22B0EC9A800A66C8F /* Movie */ = {
			isa = PBXGroup;
			children = (
				13AD38C32B0EC9BF00A66C8F /* MovieViewUI.swift */,
				13AD38C42B0EC9BF00A66C8F /* MoviePresenter.swift */,
				13AD38C52B0EC9BF00A66C8F /* MovieRouter.swift */,
				13AD38C62B0EC9BF00A66C8F /* MovieProtocols.swift */,
				13AD38C72B0EC9BF00A66C8F /* MovieMain.swift */,
				13AD38C82B0EC9BF00A66C8F /* MovieInteractor.swift */,
				13AD38C92B0EC9BF00A66C8F /* MovieView.swift */,
				13AD38CA2B0EC9BF00A66C8F /* MovieEntity.swift */,
			);
			path = Movie;
			sourceTree = "<group>";
		};
		13AD38D32B0F05D600A66C8F /* Character */ = {
			isa = PBXGroup;
			children = (
				13AD38D42B0F069400A66C8F /* CharacterViewUI.swift */,
				13AD38D52B0F069400A66C8F /* CharacterPresenter.swift */,
				13AD38D62B0F069400A66C8F /* CharacterRouter.swift */,
				13AD38D72B0F069400A66C8F /* CharacterProtocols.swift */,
				13AD38D82B0F069400A66C8F /* CharacterMain.swift */,
				13AD38D92B0F069400A66C8F /* CharacterInteractor.swift */,
				13AD38DA2B0F069400A66C8F /* CharacterView.swift */,
				13AD38DB2B0F069400A66C8F /* CharacterEntity.swift */,
			);
			path = Character;
			sourceTree = "<group>";
		};
		13AD38E42B102CF200A66C8F /* Series */ = {
			isa = PBXGroup;
			children = (
				13AD38E52B102D0500A66C8F /* SeriesViewUI.swift */,
				13AD38E62B102D0500A66C8F /* SeriesPresenter.swift */,
				13AD38E72B102D0500A66C8F /* SeriesRouter.swift */,
				13AD38E82B102D0500A66C8F /* SeriesProtocols.swift */,
				13AD38E92B102D0500A66C8F /* SeriesMain.swift */,
				13AD38EA2B102D0500A66C8F /* SeriesInteractor.swift */,
				13AD38EB2B102D0500A66C8F /* SeriesView.swift */,
				13AD38EC2B102D0500A66C8F /* SeriesEntity.swift */,
			);
			path = Series;
			sourceTree = "<group>";
		};
		13C8FBE72B02F43800A6028F = {
			isa = PBXGroup;
			children = (
				13C8FBF22B02F43800A6028F /* Curso iOS */,
				13C8FBF12B02F43800A6028F /* Products */,
			);
			sourceTree = "<group>";
		};
		13C8FBF12B02F43800A6028F /* Products */ = {
			isa = PBXGroup;
			children = (
				13C8FBF02B02F43800A6028F /* Curso iOS.app */,
			);
			name = Products;
			sourceTree = "<group>";
		};
		13C8FBF22B02F43800A6028F /* Curso iOS */ = {
			isa = PBXGroup;
			children = (
				1344D7D92B02F537002D2924 /* Modulos */,
				13C8FBF32B02F43800A6028F /* AppDelegate.swift */,
				13C8FBF52B02F43800A6028F /* SceneDelegate.swift */,
				13C8FBFC2B02F43A00A6028F /* Assets.xcassets */,
				13C8FBFE2B02F43A00A6028F /* LaunchScreen.storyboard */,
				13C8FC012B02F43A00A6028F /* Info.plist */,
			);
			path = "Curso iOS";
			sourceTree = "<group>";
		};
/* End PBXGroup section */

/* Begin PBXNativeTarget section */
		13C8FBEF2B02F43800A6028F /* Curso iOS */ = {
			isa = PBXNativeTarget;
			buildConfigurationList = 13C8FC042B02F43A00A6028F /* Build configuration list for PBXNativeTarget "Curso iOS" */;
			buildPhases = (
				13C8FBEC2B02F43800A6028F /* Sources */,
				13C8FBED2B02F43800A6028F /* Frameworks */,
				13C8FBEE2B02F43800A6028F /* Resources */,
			);
			buildRules = (
			);
			dependencies = (
			);
			name = "Curso iOS";
			productName = "Curso iOS";
			productReference = 13C8FBF02B02F43800A6028F /* Curso iOS.app */;
			productType = "com.apple.product-type.application";
		};
/* End PBXNativeTarget section */

/* Begin PBXProject section */
		13C8FBE82B02F43800A6028F /* Project object */ = {
			isa = PBXProject;
			attributes = {
				BuildIndependentTargetsInParallel = 1;
				LastSwiftUpdateCheck = 1500;
				LastUpgradeCheck = 1500;
				TargetAttributes = {
					13C8FBEF2B02F43800A6028F = {
						CreatedOnToolsVersion = 15.0.1;
					};
				};
			};
			buildConfigurationList = 13C8FBEB2B02F43800A6028F /* Build configuration list for PBXProject "Curso iOS" */;
			compatibilityVersion = "Xcode 14.0";
			developmentRegion = en;
			hasScannedForEncodings = 0;
			knownRegions = (
				en,
				Base,
			);
			mainGroup = 13C8FBE72B02F43800A6028F;
			productRefGroup = 13C8FBF12B02F43800A6028F /* Products */;
			projectDirPath = "";
			projectRoot = "";
			targets = (
				13C8FBEF2B02F43800A6028F /* Curso iOS */,
			);
		};
/* End PBXProject section */

/* Begin PBXResourcesBuildPhase section */
		13C8FBEE2B02F43800A6028F /* Resources */ = {
			isa = PBXResourcesBuildPhase;
			buildActionMask = 2147483647;
			files = (
				13C8FC002B02F43A00A6028F /* LaunchScreen.storyboard in Resources */,
				13C8FBFD2B02F43A00A6028F /* Assets.xcassets in Resources */,
			);
			runOnlyForDeploymentPostprocessing = 0;
		};
/* End PBXResourcesBuildPhase section */

/* Begin PBXSourcesBuildPhase section */
		13C8FBEC2B02F43800A6028F /* Sources */ = {
			isa = PBXSourcesBuildPhase;
			buildActionMask = 2147483647;
			files = (
				1344D7E52B02F5AC002D2924 /* HomeRouter.swift in Sources */,
				13AD38DC2B0F069400A66C8F /* CharacterViewUI.swift in Sources */,
				13AD38F12B102D0500A66C8F /* SeriesMain.swift in Sources */,
				13AD38EF2B102D0500A66C8F /* SeriesRouter.swift in Sources */,
				1344D7E32B02F5AC002D2924 /* HomeViewUI.swift in Sources */,
				13AD38EE2B102D0500A66C8F /* SeriesPresenter.swift in Sources */,
				13AD38E02B0F069400A66C8F /* CharacterMain.swift in Sources */,
				13AD38E12B0F069400A66C8F /* CharacterInteractor.swift in Sources */,
				13AD38ED2B102D0500A66C8F /* SeriesViewUI.swift in Sources */,
				13AD38F42B102D0500A66C8F /* SeriesEntity.swift in Sources */,
				13AD38CE2B0EC9BF00A66C8F /* MovieProtocols.swift in Sources */,
				13AD38CB2B0EC9BF00A66C8F /* MovieViewUI.swift in Sources */,
				13AD38F32B102D0500A66C8F /* SeriesView.swift in Sources */,
				13AD38DF2B0F069400A66C8F /* CharacterProtocols.swift in Sources */,
				1344D7E92B02F5AC002D2924 /* HomeView.swift in Sources */,
				13AD38F02B102D0500A66C8F /* SeriesProtocols.swift in Sources */,
				13C8FBF42B02F43800A6028F /* AppDelegate.swift in Sources */,
				13AD38CD2B0EC9BF00A66C8F /* MovieRouter.swift in Sources */,
				1344D7E62B02F5AC002D2924 /* HomeProtocols.swift in Sources */,
				1344D7E42B02F5AC002D2924 /* HomePresenter.swift in Sources */,
				13AD38DE2B0F069400A66C8F /* CharacterRouter.swift in Sources */,
				13AD38CF2B0EC9BF00A66C8F /* MovieMain.swift in Sources */,
				13AD38CC2B0EC9BF00A66C8F /* MoviePresenter.swift in Sources */,
				13AD38E32B0F069400A66C8F /* CharacterEntity.swift in Sources */,
				13AD38D02B0EC9BF00A66C8F /* MovieInteractor.swift in Sources */,
				13AD38F22B102D0500A66C8F /* SeriesInteractor.swift in Sources */,
				13AD38E22B0F069400A66C8F /* CharacterView.swift in Sources */,
				1344D7E82B02F5AC002D2924 /* HomeInteractor.swift in Sources */,
				13C8FBF62B02F43800A6028F /* SceneDelegate.swift in Sources */,
				1344D7EA2B02F5AC002D2924 /* HomeEntity.swift in Sources */,
				13AD38DD2B0F069400A66C8F /* CharacterPresenter.swift in Sources */,
				13AD38D22B0EC9BF00A66C8F /* MovieEntity.swift in Sources */,
				1344D7E72B02F5AC002D2924 /* HomeMain.swift in Sources */,
				13AD38D12B0EC9BF00A66C8F /* MovieView.swift in Sources */,
			);
			runOnlyForDeploymentPostprocessing = 0;
		};
/* End PBXSourcesBuildPhase section */

/* Begin PBXVariantGroup section */
		13C8FBFE2B02F43A00A6028F /* LaunchScreen.storyboard */ = {
			isa = PBXVariantGroup;
			children = (
				13C8FBFF2B02F43A00A6028F /* Base */,
			);
			name = LaunchScreen.storyboard;
			sourceTree = "<group>";
		};
/* End PBXVariantGroup section */

/* Begin XCBuildConfiguration section */
		13C8FC022B02F43A00A6028F /* Debug */ = {
			isa = XCBuildConfiguration;
			buildSettings = {
				ALWAYS_SEARCH_USER_PATHS = NO;
				ASSETCATALOG_COMPILER_GENERATE_SWIFT_ASSET_SYMBOL_EXTENSIONS = YES;
				CLANG_ANALYZER_NONNULL = YES;
				CLANG_ANALYZER_NUMBER_OBJECT_CONVERSION = YES_AGGRESSIVE;
				CLANG_CXX_LANGUAGE_STANDARD = "gnu++20";
				CLANG_ENABLE_MODULES = YES;
				CLANG_ENABLE_OBJC_ARC = YES;
				CLANG_ENABLE_OBJC_WEAK = YES;
				CLANG_WARN_BLOCK_CAPTURE_AUTORELEASING = YES;
				CLANG_WARN_BOOL_CONVERSION = YES;
				CLANG_WARN_COMMA = YES;
				CLANG_WARN_CONSTANT_CONVERSION = YES;
				CLANG_WARN_DEPRECATED_OBJC_IMPLEMENTATIONS = YES;
				CLANG_WARN_DIRECT_OBJC_ISA_USAGE = YES_ERROR;
				CLANG_WARN_DOCUMENTATION_COMMENTS = YES;
				CLANG_WARN_EMPTY_BODY = YES;
				CLANG_WARN_ENUM_CONVERSION = YES;
				CLANG_WARN_INFINITE_RECURSION = YES;
				CLANG_WARN_INT_CONVERSION = YES;
				CLANG_WARN_NON_LITERAL_NULL_CONVERSION = YES;
				CLANG_WARN_OBJC_IMPLICIT_RETAIN_SELF = YES;
				CLANG_WARN_OBJC_LITERAL_CONVERSION = YES;
				CLANG_WARN_OBJC_ROOT_CLASS = YES_ERROR;
				CLANG_WARN_QUOTED_INCLUDE_IN_FRAMEWORK_HEADER = YES;
				CLANG_WARN_RANGE_LOOP_ANALYSIS = YES;
				CLANG_WARN_STRICT_PROTOTYPES = YES;
				CLANG_WARN_SUSPICIOUS_MOVE = YES;
				CLANG_WARN_UNGUARDED_AVAILABILITY = YES_AGGRESSIVE;
				CLANG_WARN_UNREACHABLE_CODE = YES;
				CLANG_WARN__DUPLICATE_METHOD_MATCH = YES;
				COPY_PHASE_STRIP = NO;
				DEBUG_INFORMATION_FORMAT = dwarf;
				ENABLE_STRICT_OBJC_MSGSEND = YES;
				ENABLE_TESTABILITY = YES;
				ENABLE_USER_SCRIPT_SANDBOXING = YES;
				GCC_C_LANGUAGE_STANDARD = gnu17;
				GCC_DYNAMIC_NO_PIC = NO;
				GCC_NO_COMMON_BLOCKS = YES;
				GCC_OPTIMIZATION_LEVEL = 0;
				GCC_PREPROCESSOR_DEFINITIONS = (
					"DEBUG=1",
					"$(inherited)",
				);
				GCC_WARN_64_TO_32_BIT_CONVERSION = YES;
				GCC_WARN_ABOUT_RETURN_TYPE = YES_ERROR;
				GCC_WARN_UNDECLARED_SELECTOR = YES;
				GCC_WARN_UNINITIALIZED_AUTOS = YES_AGGRESSIVE;
				GCC_WARN_UNUSED_FUNCTION = YES;
				GCC_WARN_UNUSED_VARIABLE = YES;
				IPHONEOS_DEPLOYMENT_TARGET = 17.0;
				LOCALIZATION_PREFERS_STRING_CATALOGS = YES;
				MTL_ENABLE_DEBUG_INFO = INCLUDE_SOURCE;
				MTL_FAST_MATH = YES;
				ONLY_ACTIVE_ARCH = YES;
				SDKROOT = iphoneos;
				SWIFT_ACTIVE_COMPILATION_CONDITIONS = "DEBUG $(inherited)";
				SWIFT_OPTIMIZATION_LEVEL = "-Onone";
			};
			name = Debug;
		};
		13C8FC032B02F43A00A6028F /* Release */ = {
			isa = XCBuildConfiguration;
			buildSettings = {
				ALWAYS_SEARCH_USER_PATHS = NO;
				ASSETCATALOG_COMPILER_GENERATE_SWIFT_ASSET_SYMBOL_EXTENSIONS = YES;
				CLANG_ANALYZER_NONNULL = YES;
				CLANG_ANALYZER_NUMBER_OBJECT_CONVERSION = YES_AGGRESSIVE;
				CLANG_CXX_LANGUAGE_STANDARD = "gnu++20";
				CLANG_ENABLE_MODULES = YES;
				CLANG_ENABLE_OBJC_ARC = YES;
				CLANG_ENABLE_OBJC_WEAK = YES;
				CLANG_WARN_BLOCK_CAPTURE_AUTORELEASING = YES;
				CLANG_WARN_BOOL_CONVERSION = YES;
				CLANG_WARN_COMMA = YES;
				CLANG_WARN_CONSTANT_CONVERSION = YES;
				CLANG_WARN_DEPRECATED_OBJC_IMPLEMENTATIONS = YES;
				CLANG_WARN_DIRECT_OBJC_ISA_USAGE = YES_ERROR;
				CLANG_WARN_DOCUMENTATION_COMMENTS = YES;
				CLANG_WARN_EMPTY_BODY = YES;
				CLANG_WARN_ENUM_CONVERSION = YES;
				CLANG_WARN_INFINITE_RECURSION = YES;
				CLANG_WARN_INT_CONVERSION = YES;
				CLANG_WARN_NON_LITERAL_NULL_CONVERSION = YES;
				CLANG_WARN_OBJC_IMPLICIT_RETAIN_SELF = YES;
				CLANG_WARN_OBJC_LITERAL_CONVERSION = YES;
				CLANG_WARN_OBJC_ROOT_CLASS = YES_ERROR;
				CLANG_WARN_QUOTED_INCLUDE_IN_FRAMEWORK_HEADER = YES;
				CLANG_WARN_RANGE_LOOP_ANALYSIS = YES;
				CLANG_WARN_STRICT_PROTOTYPES = YES;
				CLANG_WARN_SUSPICIOUS_MOVE = YES;
				CLANG_WARN_UNGUARDED_AVAILABILITY = YES_AGGRESSIVE;
				CLANG_WARN_UNREACHABLE_CODE = YES;
				CLANG_WARN__DUPLICATE_METHOD_MATCH = YES;
				COPY_PHASE_STRIP = NO;
				DEBUG_INFORMATION_FORMAT = "dwarf-with-dsym";
				ENABLE_NS_ASSERTIONS = NO;
				ENABLE_STRICT_OBJC_MSGSEND = YES;
				ENABLE_USER_SCRIPT_SANDBOXING = YES;
				GCC_C_LANGUAGE_STANDARD = gnu17;
				GCC_NO_COMMON_BLOCKS = YES;
				GCC_WARN_64_TO_32_BIT_CONVERSION = YES;
				GCC_WARN_ABOUT_RETURN_TYPE = YES_ERROR;
				GCC_WARN_UNDECLARED_SELECTOR = YES;
				GCC_WARN_UNINITIALIZED_AUTOS = YES_AGGRESSIVE;
				GCC_WARN_UNUSED_FUNCTION = YES;
				GCC_WARN_UNUSED_VARIABLE = YES;
				IPHONEOS_DEPLOYMENT_TARGET = 17.0;
				LOCALIZATION_PREFERS_STRING_CATALOGS = YES;
				MTL_ENABLE_DEBUG_INFO = NO;
				MTL_FAST_MATH = YES;
				SDKROOT = iphoneos;
				SWIFT_COMPILATION_MODE = wholemodule;
				VALIDATE_PRODUCT = YES;
			};
			name = Release;
		};
		13C8FC052B02F43A00A6028F /* Debug */ = {
			isa = XCBuildConfiguration;
			buildSettings = {
				ASSETCATALOG_COMPILER_APPICON_NAME = AppIcon;
				ASSETCATALOG_COMPILER_GLOBAL_ACCENT_COLOR_NAME = AccentColor;
				CODE_SIGN_STYLE = Automatic;
				CURRENT_PROJECT_VERSION = 1;
				DEVELOPMENT_TEAM = FSL33W7H9S;
				GENERATE_INFOPLIST_FILE = YES;
				INFOPLIST_FILE = "Curso iOS/Info.plist";
				INFOPLIST_KEY_UIApplicationSupportsIndirectInputEvents = YES;
				INFOPLIST_KEY_UILaunchStoryboardName = LaunchScreen;
				INFOPLIST_KEY_UISupportedInterfaceOrientations_iPad = "UIInterfaceOrientationPortrait UIInterfaceOrientationPortraitUpsideDown UIInterfaceOrientationLandscapeLeft UIInterfaceOrientationLandscapeRight";
				INFOPLIST_KEY_UISupportedInterfaceOrientations_iPhone = "UIInterfaceOrientationPortrait UIInterfaceOrientationLandscapeLeft UIInterfaceOrientationLandscapeRight";
				LD_RUNPATH_SEARCH_PATHS = (
					"$(inherited)",
					"@executable_path/Frameworks",
				);
				MARKETING_VERSION = 1.0;
				PRODUCT_BUNDLE_IDENTIFIER = "com.kittyApp.Curso-iOS";
				PRODUCT_NAME = "$(TARGET_NAME)";
				SWIFT_EMIT_LOC_STRINGS = YES;
				SWIFT_VERSION = 5.0;
				TARGETED_DEVICE_FAMILY = "1,2";
			};
			name = Debug;
		};
		13C8FC062B02F43A00A6028F /* Release */ = {
			isa = XCBuildConfiguration;
			buildSettings = {
				ASSETCATALOG_COMPILER_APPICON_NAME = AppIcon;
				ASSETCATALOG_COMPILER_GLOBAL_ACCENT_COLOR_NAME = AccentColor;
				CODE_SIGN_STYLE = Automatic;
				CURRENT_PROJECT_VERSION = 1;
				DEVELOPMENT_TEAM = FSL33W7H9S;
				GENERATE_INFOPLIST_FILE = YES;
				INFOPLIST_FILE = "Curso iOS/Info.plist";
				INFOPLIST_KEY_UIApplicationSupportsIndirectInputEvents = YES;
				INFOPLIST_KEY_UILaunchStoryboardName = LaunchScreen;
				INFOPLIST_KEY_UISupportedInterfaceOrientations_iPad = "UIInterfaceOrientationPortrait UIInterfaceOrientationPortraitUpsideDown UIInterfaceOrientationLandscapeLeft UIInterfaceOrientationLandscapeRight";
				INFOPLIST_KEY_UISupportedInterfaceOrientations_iPhone = "UIInterfaceOrientationPortrait UIInterfaceOrientationLandscapeLeft UIInterfaceOrientationLandscapeRight";
				LD_RUNPATH_SEARCH_PATHS = (
					"$(inherited)",
					"@executable_path/Frameworks",
				);
				MARKETING_VERSION = 1.0;
				PRODUCT_BUNDLE_IDENTIFIER = "com.kittyApp.Curso-iOS";
				PRODUCT_NAME = "$(TARGET_NAME)";
				SWIFT_EMIT_LOC_STRINGS = YES;
				SWIFT_VERSION = 5.0;
				TARGETED_DEVICE_FAMILY = "1,2";
			};
			name = Release;
		};
/* End XCBuildConfiguration section */

/* Begin XCConfigurationList section */
		13C8FBEB2B02F43800A6028F /* Build configuration list for PBXProject "Curso iOS" */ = {
			isa = XCConfigurationList;
			buildConfigurations = (
				13C8FC022B02F43A00A6028F /* Debug */,
				13C8FC032B02F43A00A6028F /* Release */,
			);
			defaultConfigurationIsVisible = 0;
			defaultConfigurationName = Release;
		};
		13C8FC042B02F43A00A6028F /* Build configuration list for PBXNativeTarget "Curso iOS" */ = {
			isa = XCConfigurationList;
			buildConfigurations = (
				13C8FC052B02F43A00A6028F /* Debug */,
				13C8FC062B02F43A00A6028F /* Release */,
			);
			defaultConfigurationIsVisible = 0;
			defaultConfigurationName = Release;
		};
/* End XCConfigurationList section */
	};
	rootObject = 13C8FBE82B02F43800A6028F /* Project object */;
}
